
Microsoft Visual Studio Solution File, Format Version 12.00
# Visual Studio Version 17
VisualStudioVersion = 17.5.002.0
MinimumVisualStudioVersion = 10.0.40219.1
Project("{9A19103F-16F7-4668-BE54-9A1E7A4F7556}") = "funções motores 1", "funções motores 1.csproj", "{ED7C4921-AA03-4F51-B78A-2C39AE70381F}"
EndProject
Global
	GlobalSection(SolutionConfigurationPlatforms) = preSolution
		Debug|Any CPU = Debug|Any CPU
		Release|Any CPU = Release|Any CPU
	EndGlobalSection
	GlobalSection(ProjectConfigurationPlatforms) = postSolution
		{ED7C4921-AA03-4F51-B78A-2C39AE70381F}.Debug|Any CPU.ActiveCfg = Debug|Any CPU
		{ED7C4921-AA03-4F51-B78A-2C39AE70381F}.Debug|Any CPU.Build.0 = Debug|Any CPU
		{ED7C4921-AA03-4F51-B78A-2C39AE70381F}.Release|Any CPU.ActiveCfg = Release|Any CPU
		{ED7C4921-AA03-4F51-B78A-2C39AE70381F}.Release|Any CPU.Build.0 = Release|Any CPU
	EndGlobalSection
	GlobalSection(SolutionProperties) = preSolution
		HideSolutionNode = FALSE
	EndGlobalSection
	GlobalSection(ExtensibilityGlobals) = postSolution
		SolutionGuid = {3521A2D3-8A0B-4B21-B3AA-959CEF0B7F72}
	EndGlobalSection
EndGlobal
